
Microsoft Visual Studio Solution File, Format Version 12.00
# Visual Studio Version 17
VisualStudioVersion = 17.7.34024.191
MinimumVisualStudioVersion = 10.0.40219.1
Project("{FAE04EC0-301F-11D3-BF4B-00C04F79EFBC}") = "2semFunkcijas-2-2_MGrITIA3", "2semFunkcijas-2-2_MGrITIA3\2semFunkcijas-2-2_MGrITIA3.csproj", "{6108726E-3585-44CA-BF2C-1DADED678401}"
EndProject
Global
	GlobalSection(SolutionConfigurationPlatforms) = preSolution
		Debug|Any CPU = Debug|Any CPU
		Release|Any CPU = Release|Any CPU
	EndGlobalSection
	GlobalSection(ProjectConfigurationPlatforms) = postSolution
		{6108726E-3585-44CA-BF2C-1DADED678401}.Debug|Any CPU.ActiveCfg = Debug|Any CPU
		{6108726E-3585-44CA-BF2C-1DADED678401}.Debug|Any CPU.Build.0 = Debug|Any CPU
		{6108726E-3585-44CA-BF2C-1DADED678401}.Release|Any CPU.ActiveCfg = Release|Any CPU
		{6108726E-3585-44CA-BF2C-1DADED678401}.Release|Any CPU.Build.0 = Release|Any CPU
	EndGlobalSection
	GlobalSection(SolutionProperties) = preSolution
		HideSolutionNode = FALSE
	EndGlobalSection
	GlobalSection(ExtensibilityGlobals) = postSolution
		SolutionGuid = {232F9CD2-73FC-4B80-BD13-0C6E388A9E67}
	EndGlobalSection
EndGlobal
